
Microsoft Visual Studio Solution File, Format Version 12.00
# Visual Studio Version 17
VisualStudioVersion = 17.13.35825.156 d17.13
MinimumVisualStudioVersion = 10.0.40219.1
Project("{FAE04EC0-301F-11D3-BF4B-00C04F79EFBC}") = "WebsiteDV", "WebsiteDV\WebsiteDV.csproj", "{8896A3EC-44CD-488A-AF1A-29A24020B849}"
EndProject
Global
	GlobalSection(SolutionConfigurationPlatforms) = preSolution
		Debug|Any CPU = Debug|Any CPU
		Release|Any CPU = Release|Any CPU
	EndGlobalSection
	GlobalSection(ProjectConfigurationPlatforms) = postSolution
		{8896A3EC-44CD-488A-AF1A-29A24020B849}.Debug|Any CPU.ActiveCfg = Debug|Any CPU
		{8896A3EC-44CD-488A-AF1A-29A24020B849}.Debug|Any CPU.Build.0 = Debug|Any CPU
		{8896A3EC-44CD-488A-AF1A-29A24020B849}.Release|Any CPU.ActiveCfg = Release|Any CPU
		{8896A3EC-44CD-488A-AF1A-29A24020B849}.Release|Any CPU.Build.0 = Release|Any CPU
	EndGlobalSection
	GlobalSection(SolutionProperties) = preSolution
		HideSolutionNode = FALSE
	EndGlobalSection
	GlobalSection(ExtensibilityGlobals) = postSolution
		SolutionGuid = {46AFD963-8533-4FBE-A96A-692DE381DD18}
	EndGlobalSection
EndGlobal
